
Microsoft Visual Studio Solution File, Format Version 12.00
# Visual Studio Version 17
VisualStudioVersion = 17.13.35931.197 d17.13
MinimumVisualStudioVersion = 10.0.40219.1
Project("{FAE04EC0-301F-11D3-BF4B-00C04F79EFBC}") = "ConsolePractice", "ConsolePractice\ConsolePractice.csproj", "{AE128A81-9DA4-4775-8F13-E0F7804D01D1}"
EndProject
Global
	GlobalSection(SolutionConfigurationPlatforms) = preSolution
		Debug|Any CPU = Debug|Any CPU
		Release|Any CPU = Release|Any CPU
	EndGlobalSection
	GlobalSection(ProjectConfigurationPlatforms) = postSolution
		{AE128A81-9DA4-4775-8F13-E0F7804D01D1}.Debug|Any CPU.ActiveCfg = Debug|Any CPU
		{AE128A81-9DA4-4775-8F13-E0F7804D01D1}.Debug|Any CPU.Build.0 = Debug|Any CPU
		{AE128A81-9DA4-4775-8F13-E0F7804D01D1}.Release|Any CPU.ActiveCfg = Release|Any CPU
		{AE128A81-9DA4-4775-8F13-E0F7804D01D1}.Release|Any CPU.Build.0 = Release|Any CPU
	EndGlobalSection
	GlobalSection(SolutionProperties) = preSolution
		HideSolutionNode = FALSE
	EndGlobalSection
	GlobalSection(ExtensibilityGlobals) = postSolution
		SolutionGuid = {94A2045F-61C7-4602-9890-25D6D160785A}
	EndGlobalSection
EndGlobal
